
Microsoft Visual Studio Solution File, Format Version 12.00
# Visual Studio Version 16
VisualStudioVersion = 16.0.29728.190
MinimumVisualStudioVersion = 10.0.40219.1
Project("{FAE04EC0-301F-11D3-BF4B-00C04F79EFBC}") = "Kohanski_Ryan_HW6", "Kohanski_Ryan_HW6.csproj", "{CC1E4DC9-6FA0-43FE-8D8C-9A41EFBC0B07}"
EndProject
Global
	GlobalSection(SolutionConfigurationPlatforms) = preSolution
		Debug|Any CPU = Debug|Any CPU
		Release|Any CPU = Release|Any CPU
	EndGlobalSection
	GlobalSection(ProjectConfigurationPlatforms) = postSolution
		{CC1E4DC9-6FA0-43FE-8D8C-9A41EFBC0B07}.Debug|Any CPU.ActiveCfg = Debug|Any CPU
		{CC1E4DC9-6FA0-43FE-8D8C-9A41EFBC0B07}.Debug|Any CPU.Build.0 = Debug|Any CPU
		{CC1E4DC9-6FA0-43FE-8D8C-9A41EFBC0B07}.Release|Any CPU.ActiveCfg = Release|Any CPU
		{CC1E4DC9-6FA0-43FE-8D8C-9A41EFBC0B07}.Release|Any CPU.Build.0 = Release|Any CPU
	EndGlobalSection
	GlobalSection(SolutionProperties) = preSolution
		HideSolutionNode = FALSE
	EndGlobalSection
	GlobalSection(ExtensibilityGlobals) = postSolution
		SolutionGuid = {FDC4D374-BF7E-40BC-9D0E-CD497027D791}
	EndGlobalSection
EndGlobal
